
Microsoft Visual Studio Solution File, Format Version 12.00
# Visual Studio 15
VisualStudioVersion = 15.0.28307.1082
MinimumVisualStudioVersion = 10.0.40219.1
Project("{FAE04EC0-301F-11D3-BF4B-00C04F79EFBC}") = "Aiv.Fast3D.Component", "Aiv.Fast3D.Component\Aiv.Fast3D.Component.csproj", "{0274430F-A1CD-4E94-8C9B-1D55BBBD9D8E}"
EndProject
Global
	GlobalSection(SolutionConfigurationPlatforms) = preSolution
		Debug|Any CPU = Debug|Any CPU
		Release|Any CPU = Release|Any CPU
	EndGlobalSection
	GlobalSection(ProjectConfigurationPlatforms) = postSolution
		{0274430F-A1CD-4E94-8C9B-1D55BBBD9D8E}.Debug|Any CPU.ActiveCfg = Debug|Any CPU
		{0274430F-A1CD-4E94-8C9B-1D55BBBD9D8E}.Debug|Any CPU.Build.0 = Debug|Any CPU
		{0274430F-A1CD-4E94-8C9B-1D55BBBD9D8E}.Release|Any CPU.ActiveCfg = Release|Any CPU
		{0274430F-A1CD-4E94-8C9B-1D55BBBD9D8E}.Release|Any CPU.Build.0 = Release|Any CPU
	EndGlobalSection
	GlobalSection(SolutionProperties) = preSolution
		HideSolutionNode = FALSE
	EndGlobalSection
	GlobalSection(ExtensibilityGlobals) = postSolution
		SolutionGuid = {438AB07A-BD7D-451F-A5AE-10FD0B7EF6A3}
	EndGlobalSection
EndGlobal
